
Microsoft Visual Studio Solution File, Format Version 12.00
Project("{FAE04EC0-301F-11D3-BF4B-00C04F79EFBC}") = "Day1", "Day1\Day1.csproj", "{CCC6C32E-68E3-45C5-945B-2B0426CE7481}"
EndProject
Project("{FAE04EC0-301F-11D3-BF4B-00C04F79EFBC}") = "Common", "Common\Common.csproj", "{BCD529E6-5C3F-4A21-9AFB-17A1344CD6E0}"
EndProject
Project("{FAE04EC0-301F-11D3-BF4B-00C04F79EFBC}") = "Day2", "Day2\Day2.csproj", "{C7CF7E68-F262-41DD-BD24-E15D316EE4A2}"
EndProject
Project("{FAE04EC0-301F-11D3-BF4B-00C04F79EFBC}") = "Day3", "Day3\Day3.csproj", "{A61E3595-05D0-4E62-A7C2-4AEF0E834066}"
EndProject
Project("{FAE04EC0-301F-11D3-BF4B-00C04F79EFBC}") = "Day4", "Day4\Day4.csproj", "{2C11AD31-CA78-4F8E-90EC-4BA0F13332EB}"
EndProject
Global
	GlobalSection(SolutionConfigurationPlatforms) = preSolution
		Debug|Any CPU = Debug|Any CPU
		Release|Any CPU = Release|Any CPU
	EndGlobalSection
	GlobalSection(ProjectConfigurationPlatforms) = postSolution
		{CCC6C32E-68E3-45C5-945B-2B0426CE7481}.Debug|Any CPU.ActiveCfg = Debug|Any CPU
		{CCC6C32E-68E3-45C5-945B-2B0426CE7481}.Debug|Any CPU.Build.0 = Debug|Any CPU
		{CCC6C32E-68E3-45C5-945B-2B0426CE7481}.Release|Any CPU.ActiveCfg = Release|Any CPU
		{CCC6C32E-68E3-45C5-945B-2B0426CE7481}.Release|Any CPU.Build.0 = Release|Any CPU
		{BCD529E6-5C3F-4A21-9AFB-17A1344CD6E0}.Debug|Any CPU.ActiveCfg = Debug|Any CPU
		{BCD529E6-5C3F-4A21-9AFB-17A1344CD6E0}.Debug|Any CPU.Build.0 = Debug|Any CPU
		{BCD529E6-5C3F-4A21-9AFB-17A1344CD6E0}.Release|Any CPU.ActiveCfg = Release|Any CPU
		{BCD529E6-5C3F-4A21-9AFB-17A1344CD6E0}.Release|Any CPU.Build.0 = Release|Any CPU
		{C7CF7E68-F262-41DD-BD24-E15D316EE4A2}.Debug|Any CPU.ActiveCfg = Debug|Any CPU
		{C7CF7E68-F262-41DD-BD24-E15D316EE4A2}.Debug|Any CPU.Build.0 = Debug|Any CPU
		{C7CF7E68-F262-41DD-BD24-E15D316EE4A2}.Release|Any CPU.ActiveCfg = Release|Any CPU
		{C7CF7E68-F262-41DD-BD24-E15D316EE4A2}.Release|Any CPU.Build.0 = Release|Any CPU
		{A61E3595-05D0-4E62-A7C2-4AEF0E834066}.Debug|Any CPU.ActiveCfg = Debug|Any CPU
		{A61E3595-05D0-4E62-A7C2-4AEF0E834066}.Debug|Any CPU.Build.0 = Debug|Any CPU
		{A61E3595-05D0-4E62-A7C2-4AEF0E834066}.Release|Any CPU.ActiveCfg = Release|Any CPU
		{A61E3595-05D0-4E62-A7C2-4AEF0E834066}.Release|Any CPU.Build.0 = Release|Any CPU
		{2C11AD31-CA78-4F8E-90EC-4BA0F13332EB}.Debug|Any CPU.ActiveCfg = Debug|Any CPU
		{2C11AD31-CA78-4F8E-90EC-4BA0F13332EB}.Debug|Any CPU.Build.0 = Debug|Any CPU
		{2C11AD31-CA78-4F8E-90EC-4BA0F13332EB}.Release|Any CPU.ActiveCfg = Release|Any CPU
		{2C11AD31-CA78-4F8E-90EC-4BA0F13332EB}.Release|Any CPU.Build.0 = Release|Any CPU
	EndGlobalSection
EndGlobal
